
Microsoft Visual Studio Solution File, Format Version 12.00
# Visual Studio Version 16
VisualStudioVersion = 16.0.31112.23
MinimumVisualStudioVersion = 10.0.40219.1
Project("{FAE04EC0-301F-11D3-BF4B-00C04F79EFBC}") = "Tunetoon", "Tunetoon.csproj", "{3195DDC3-50B8-4388-9EF2-BBE2CFBF3997}"
EndProject
Global
	GlobalSection(SolutionConfigurationPlatforms) = preSolution
		Debug|Any CPU = Debug|Any CPU
		Release|Any CPU = Release|Any CPU
	EndGlobalSection
	GlobalSection(ProjectConfigurationPlatforms) = postSolution
		{3195DDC3-50B8-4388-9EF2-BBE2CFBF3997}.Debug|Any CPU.ActiveCfg = Debug|Any CPU
		{3195DDC3-50B8-4388-9EF2-BBE2CFBF3997}.Debug|Any CPU.Build.0 = Debug|Any CPU
		{3195DDC3-50B8-4388-9EF2-BBE2CFBF3997}.Release|Any CPU.ActiveCfg = Release|Any CPU
		{3195DDC3-50B8-4388-9EF2-BBE2CFBF3997}.Release|Any CPU.Build.0 = Release|Any CPU
	EndGlobalSection
	GlobalSection(SolutionProperties) = preSolution
		HideSolutionNode = FALSE
	EndGlobalSection
	GlobalSection(ExtensibilityGlobals) = postSolution
		SolutionGuid = {B3D49CA0-7842-45BE-B822-D80673282628}
	EndGlobalSection
EndGlobal
